
Microsoft Visual Studio Solution File, Format Version 12.00
# Visual Studio 14
VisualStudioVersion = 14.0.25420.1
MinimumVisualStudioVersion = 10.0.40219.1
Project("{FAE04EC0-301F-11D3-BF4B-00C04F79EFBC}") = "RoboticArm_XBoxController_GUI", "RoboticArm_XBoxController_GUI\RoboticArm_XBoxController_GUI.csproj", "{061584E5-40F0-4BCB-8B72-EA4ED756128A}"
EndProject
Global
	GlobalSection(SolutionConfigurationPlatforms) = preSolution
		Debug|Any CPU = Debug|Any CPU
		Release|Any CPU = Release|Any CPU
	EndGlobalSection
	GlobalSection(ProjectConfigurationPlatforms) = postSolution
		{061584E5-40F0-4BCB-8B72-EA4ED756128A}.Debug|Any CPU.ActiveCfg = Debug|Any CPU
		{061584E5-40F0-4BCB-8B72-EA4ED756128A}.Debug|Any CPU.Build.0 = Debug|Any CPU
		{061584E5-40F0-4BCB-8B72-EA4ED756128A}.Release|Any CPU.ActiveCfg = Release|Any CPU
		{061584E5-40F0-4BCB-8B72-EA4ED756128A}.Release|Any CPU.Build.0 = Release|Any CPU
	EndGlobalSection
	GlobalSection(SolutionProperties) = preSolution
		HideSolutionNode = FALSE
	EndGlobalSection
EndGlobal
